
Microsoft Visual Studio Solution File, Format Version 12.00
# Visual Studio Version 16
VisualStudioVersion = 16.0.29728.190
MinimumVisualStudioVersion = 10.0.40219.1
Project("{FAE04EC0-301F-11D3-BF4B-00C04F79EFBC}") = "LeetCodeArrays", "LeetCodeArrays\LeetCodeArrays.csproj", "{79DDD542-049E-447D-8DD1-E1C42BBD5963}"
EndProject
Project("{FAE04EC0-301F-11D3-BF4B-00C04F79EFBC}") = "LeetCodeMath", "LeetCodeMath\LeetCodeMath.csproj", "{8CD0559C-DC96-43D2-A1F8-99619825A82D}"
EndProject
Project("{FAE04EC0-301F-11D3-BF4B-00C04F79EFBC}") = "LeetCodeStrings", "LeetCodeStrings\LeetCodeStrings.csproj", "{8F33911B-FA93-4CC8-925F-2065C64DB548}"
EndProject
Global
	GlobalSection(SolutionConfigurationPlatforms) = preSolution
		Debug|Any CPU = Debug|Any CPU
		Release|Any CPU = Release|Any CPU
	EndGlobalSection
	GlobalSection(ProjectConfigurationPlatforms) = postSolution
		{79DDD542-049E-447D-8DD1-E1C42BBD5963}.Debug|Any CPU.ActiveCfg = Debug|Any CPU
		{79DDD542-049E-447D-8DD1-E1C42BBD5963}.Debug|Any CPU.Build.0 = Debug|Any CPU
		{79DDD542-049E-447D-8DD1-E1C42BBD5963}.Release|Any CPU.ActiveCfg = Release|Any CPU
		{79DDD542-049E-447D-8DD1-E1C42BBD5963}.Release|Any CPU.Build.0 = Release|Any CPU
		{8CD0559C-DC96-43D2-A1F8-99619825A82D}.Debug|Any CPU.ActiveCfg = Debug|Any CPU
		{8CD0559C-DC96-43D2-A1F8-99619825A82D}.Debug|Any CPU.Build.0 = Debug|Any CPU
		{8CD0559C-DC96-43D2-A1F8-99619825A82D}.Release|Any CPU.ActiveCfg = Release|Any CPU
		{8CD0559C-DC96-43D2-A1F8-99619825A82D}.Release|Any CPU.Build.0 = Release|Any CPU
		{8F33911B-FA93-4CC8-925F-2065C64DB548}.Debug|Any CPU.ActiveCfg = Debug|Any CPU
		{8F33911B-FA93-4CC8-925F-2065C64DB548}.Debug|Any CPU.Build.0 = Debug|Any CPU
		{8F33911B-FA93-4CC8-925F-2065C64DB548}.Release|Any CPU.ActiveCfg = Release|Any CPU
		{8F33911B-FA93-4CC8-925F-2065C64DB548}.Release|Any CPU.Build.0 = Release|Any CPU
	EndGlobalSection
	GlobalSection(SolutionProperties) = preSolution
		HideSolutionNode = FALSE
	EndGlobalSection
	GlobalSection(ExtensibilityGlobals) = postSolution
		SolutionGuid = {33DC132A-FD95-45ED-AE3F-8EA32393D0BB}
	EndGlobalSection
EndGlobal
